
Microsoft Visual Studio Solution File, Format Version 12.00
# Visual Studio Version 16
VisualStudioVersion = 16.0.30611.23
MinimumVisualStudioVersion = 10.0.40219.1
Project("{9A19103F-16F7-4668-BE54-9A1E7A4F7556}") = "BitCube.Section3", "BitCube.Section3\BitCube.Section3.csproj", "{1CBE6E1E-1AF7-4AFC-A4E4-BB0791DE3984}"
EndProject
Global
	GlobalSection(SolutionConfigurationPlatforms) = preSolution
		Debug|Any CPU = Debug|Any CPU
		Release|Any CPU = Release|Any CPU
	EndGlobalSection
	GlobalSection(ProjectConfigurationPlatforms) = postSolution
		{1CBE6E1E-1AF7-4AFC-A4E4-BB0791DE3984}.Debug|Any CPU.ActiveCfg = Debug|Any CPU
		{1CBE6E1E-1AF7-4AFC-A4E4-BB0791DE3984}.Debug|Any CPU.Build.0 = Debug|Any CPU
		{1CBE6E1E-1AF7-4AFC-A4E4-BB0791DE3984}.Release|Any CPU.ActiveCfg = Release|Any CPU
		{1CBE6E1E-1AF7-4AFC-A4E4-BB0791DE3984}.Release|Any CPU.Build.0 = Release|Any CPU
	EndGlobalSection
	GlobalSection(SolutionProperties) = preSolution
		HideSolutionNode = FALSE
	EndGlobalSection
	GlobalSection(ExtensibilityGlobals) = postSolution
		SolutionGuid = {137DC555-1496-4FBE-AD1E-6BA137B8F064}
	EndGlobalSection
EndGlobal
